
Microsoft Visual Studio Solution File, Format Version 12.00
# Visual Studio Version 16
VisualStudioVersion = 16.0.31702.278
MinimumVisualStudioVersion = 10.0.40219.1
Project("{FAE04EC0-301F-11D3-BF4B-00C04F79EFBC}") = "PharmacyApp", "PharmacyApp\PharmacyApp.csproj", "{F2EEFF09-7508-4CC9-90DF-44B36F2C277E}"
EndProject
Project("{FAE04EC0-301F-11D3-BF4B-00C04F79EFBC}") = "Entites", "Entites\Entites.csproj", "{1AD3CB29-0EFD-4180-BB27-723722E93ACA}"
EndProject
Project("{FAE04EC0-301F-11D3-BF4B-00C04F79EFBC}") = "DataAccess", "DataAccess\DataAccess.csproj", "{D6AEEFC2-71DD-4F54-8F41-3F039A222BB2}"
EndProject
Global
	GlobalSection(SolutionConfigurationPlatforms) = preSolution
		Debug|Any CPU = Debug|Any CPU
		Release|Any CPU = Release|Any CPU
	EndGlobalSection
	GlobalSection(ProjectConfigurationPlatforms) = postSolution
		{F2EEFF09-7508-4CC9-90DF-44B36F2C277E}.Debug|Any CPU.ActiveCfg = Debug|Any CPU
		{F2EEFF09-7508-4CC9-90DF-44B36F2C277E}.Debug|Any CPU.Build.0 = Debug|Any CPU
		{F2EEFF09-7508-4CC9-90DF-44B36F2C277E}.Release|Any CPU.ActiveCfg = Release|Any CPU
		{F2EEFF09-7508-4CC9-90DF-44B36F2C277E}.Release|Any CPU.Build.0 = Release|Any CPU
		{1AD3CB29-0EFD-4180-BB27-723722E93ACA}.Debug|Any CPU.ActiveCfg = Debug|Any CPU
		{1AD3CB29-0EFD-4180-BB27-723722E93ACA}.Debug|Any CPU.Build.0 = Debug|Any CPU
		{1AD3CB29-0EFD-4180-BB27-723722E93ACA}.Release|Any CPU.ActiveCfg = Release|Any CPU
		{1AD3CB29-0EFD-4180-BB27-723722E93ACA}.Release|Any CPU.Build.0 = Release|Any CPU
		{D6AEEFC2-71DD-4F54-8F41-3F039A222BB2}.Debug|Any CPU.ActiveCfg = Debug|Any CPU
		{D6AEEFC2-71DD-4F54-8F41-3F039A222BB2}.Debug|Any CPU.Build.0 = Debug|Any CPU
		{D6AEEFC2-71DD-4F54-8F41-3F039A222BB2}.Release|Any CPU.ActiveCfg = Release|Any CPU
		{D6AEEFC2-71DD-4F54-8F41-3F039A222BB2}.Release|Any CPU.Build.0 = Release|Any CPU
	EndGlobalSection
	GlobalSection(SolutionProperties) = preSolution
		HideSolutionNode = FALSE
	EndGlobalSection
	GlobalSection(ExtensibilityGlobals) = postSolution
		SolutionGuid = {C57A2C47-1D5D-40F3-9251-D2DD25F2FB17}
	EndGlobalSection
EndGlobal
